PODS:
  - CocoaLumberjack/Core (3.7.4)
  - CocoaLumberjack/Swift (3.7.4):
    - CocoaLumberjack/Core
  - MobileMessaging (12.2.3):
    - MobileMessaging/CocoaLumberjack (= 12.2.3)
  - MobileMessaging/CocoaLumberjack (12.2.3):
    - CocoaLumberjack/Swift (= 3.7.4)
    - MobileMessaging/Core
  - MobileMessaging/Core (12.2.3)

DEPENDENCIES:
  - MobileMessaging (= 12.2.3)

SPEC REPOS:
  trunk:
    - CocoaLumberjack
    - MobileMessaging

SPEC CHECKSUMS:
  CocoaLumberjack: 543c79c114dadc3b1aba95641d8738b06b05b646
  MobileMessaging: 378076cf9ead539bd0f08cfd8459146ad664e564

PODFILE CHECKSUM: 1a87237b67015f88b42562ecea8d3177643457ac

COCOAPODS: 1.14.2
